{
    "_readme": [
        "This file locks the dependencies of your project to a known state",
        "Read more about it at https://getcomposer.org/doc/01-basic-usage.md#composer-lock-the-lock-file",
        "This file is @generated automatically"
    ],
    "content-hash": "1ffaf3d098db758a5dafffc36b7426fb",
    "packages": [
        {
            "name": "developercielo/api-3.0-php",
            "version": "dev-master",
            "source": {
                "type": "git",
                "url": "https://github.com/DeveloperCielo/API-3.0-PHP.git",
                "reference": "93ab2dbb85ba9c8458304c1113deaf833d981447"
            },
            "dist": {
                "type": "zip",
                "url": "https://api.github.com/repos/DeveloperCielo/API-3.0-PHP/zipball/93ab2dbb85ba9c8458304c1113deaf833d981447",
                "reference": "93ab2dbb85ba9c8458304c1113deaf833d981447",
                "shasum": ""
            },
            "require": {
                "php": ">=5.6"
            },
            "type": "library",
            "autoload": {
                "psr-0": {
                    "Cielo": "src"
                }
            },
            "notification-url": "https://packagist.org/downloads/",
            "license": [
                "MIT"
            ],
            "description": "Integração com a API 3.0 da Cielo",
            "homepage": "https://github.com/DeveloperCielo/API-3.0-PHP",
            "time": "2017-05-22 15:13:46"
        },
        {
            "name": "stavarengo/php-sigep",
            "version": "dev-master",
            "source": {
                "type": "git",
                "url": "https://github.com/stavarengo/php-sigep.git",
                "reference": "d670591030b80102dc17180691b4b6625dbf44ac"
            },
            "dist": {
                "type": "zip",
                "url": "https://api.github.com/repos/stavarengo/php-sigep/zipball/d670591030b80102dc17180691b4b6625dbf44ac",
                "reference": "d670591030b80102dc17180691b4b6625dbf44ac",
                "shasum": ""
            },
            "require": {
                "php": ">=5.4",
                "stavarengo/php-sigep-fpdf": "dev-master"
            },
            "type": "library",
            "extra": {
                "branch-alias": {
                    "dev-master": "1.0-dev",
                    "dev-develop": "1.1-dev"
                }
            },
            "autoload": {
                "psr-0": {
                    "PhpSigep": "src/"
                }
            },
            "notification-url": "https://packagist.org/downloads/",
            "license": [
                "MIT"
            ],
            "authors": [
                {
                    "name": "Rafael Stavarengo",
                    "email": "faelsta@gmail.com"
                }
            ],
            "description": "Integração com Web Service do Correios. Gera etiquetas, consulta preços e prazos, imprime etiquetas e PLP, etc.",
            "keywords": [
                "correios",
                "sigep"
            ],
            "time": "2017-05-22 13:47:48"
        },
        {
            "name": "stavarengo/php-sigep-fpdf",
            "version": "dev-master",
            "source": {
                "type": "git",
                "url": "https://github.com/stavarengo/php-sigep-fpdf.git",
                "reference": "28f94e57d61246780ea4b9735f53741d6e9abe17"
            },
            "dist": {
                "type": "zip",
                "url": "https://api.github.com/repos/stavarengo/php-sigep-fpdf/zipball/28f94e57d61246780ea4b9735f53741d6e9abe17",
                "reference": "28f94e57d61246780ea4b9735f53741d6e9abe17",
                "shasum": ""
            },
            "type": "library",
            "autoload": {
                "classmap": [
                    "PhpSigepFPDF.php"
                ]
            },
            "notification-url": "https://packagist.org/downloads/",
            "license": [
                "MIT"
            ],
            "authors": [
                {
                    "name": "Stavarengo",
                    "email": "faelsta@gmail.com"
                }
            ],
            "description": "Unofficial FPDF library - Cópia do FPDF 1.7 usado pelo projeto stavarengo/php-sigep.",
            "time": "2017-04-05 22:18:20"
        }
    ],
    "packages-dev": [],
    "aliases": [],
    "minimum-stability": "dev",
    "stability-flags": {
        "stavarengo/php-sigep": 20,
        "developercielo/api-3.0-php": 20
    },
    "prefer-stable": true,
    "prefer-lowest": false,
    "platform": {
        "php": "^5.5.12",
        "ext-gd": "*"
    },
    "platform-dev": []
}
